// !$*UTF8*$!
{
	archiveVersion = 1;
	classes = {
	};
	objectVersion = 46;
	objects = {

/* Begin PBXBuildFile section */
		84E4C0B61C8A1F21003B9B4C /* main.m in Sources */ = {isa = PBXBuildFile; fileRef = 84E4C0B51C8A1F21003B9B4C /* main.m */; };
		84E4C0B91C8A1F21003B9B4C /* AppDelegate.m in Sources */ = {isa = PBXBuildFile; fileRef = 84E4C0B81C8A1F21003B9B4C /* AppDelegate.m */; };
		84E4C0BC1C8A1F21003B9B4C /* ImageViewController.m in Sources */ = {isa = PBXBuildFile; fileRef = 84E4C0BB1C8A1F21003B9B4C /* ImageViewController.m */; };
		84E4C0BF1C8A1F21003B9B4C /* Main.storyboard in Resources */ = {isa = PBXBuildFile; fileRef = 84E4C0BD1C8A1F21003B9B4C /* Main.storyboard */; };
		84E4C0C21C8A1F21003B9B4C /* Thumnails.xcdatamodeld in Sources */ = {isa = PBXBuildFile; fileRef = 84E4C0C01C8A1F21003B9B4C /* Thumnails.xcdatamodeld */; };
		84E4C0C41C8A1F21003B9B4C /* Assets.xcassets in Resources */ = {isa = PBXBuildFile; fileRef = 84E4C0C31C8A1F21003B9B4C /* Assets.xcassets */; };
		84E4C0C71C8A1F21003B9B4C /* LaunchScreen.storyboard in Resources */ = {isa = PBXBuildFile; fileRef = 84E4C0C51C8A1F21003B9B4C /* LaunchScreen.storyboard */; };
		84E4C0D21C8A1F21003B9B4C /* ThumnailsTests.m in Sources */ = {isa = PBXBuildFile; fileRef = 84E4C0D11C8A1F21003B9B4C /* ThumnailsTests.m */; };
		84E4C0DD1C8A1F21003B9B4C /* ThumnailsUITests.m in Sources */ = {isa = PBXBuildFile; fileRef = 84E4C0DC1C8A1F21003B9B4C /* ThumnailsUITests.m */; };
		84E4C0EC1C8A2263003B9B4C /* ImagesTableVC.m in Sources */ = {isa = PBXBuildFile; fileRef = 84E4C0EB1C8A2263003B9B4C /* ImagesTableVC.m */; };
		84E4C0EF1C8A22C4003B9B4C /* ImagesCellVC.m in Sources */ = {isa = PBXBuildFile; fileRef = 84E4C0EE1C8A22C4003B9B4C /* ImagesCellVC.m */; };
		84ECBA391C8B47980093E7AD /* ImagesUrls.m in Sources */ = {isa = PBXBuildFile; fileRef = 84ECBA381C8B47980093E7AD /* ImagesUrls.m */; };
		84ECBA3D1C8B7C4E0093E7AD /* bcf39e88-5731-43bb-9d4b-e5b3b2b1fdf2.jpg in Resources */ = {isa = PBXBuildFile; fileRef = 84ECBA3A1C8B7C4E0093E7AD /* bcf39e88-5731-43bb-9d4b-e5b3b2b1fdf2.jpg */; };
		84ECBA3E1C8B7C4E0093E7AD /* ca1b8c69-9ba4-4586-a6b7-fe3e6e2112de.jpg in Resources */ = {isa = PBXBuildFile; fileRef = 84ECBA3B1C8B7C4E0093E7AD /* ca1b8c69-9ba4-4586-a6b7-fe3e6e2112de.jpg */; };
		84ECBA3F1C8B7C4E0093E7AD /* green_mountain_nature_wallpaper_hd.jpg in Resources */ = {isa = PBXBuildFile; fileRef = 84ECBA3C1C8B7C4E0093E7AD /* green_mountain_nature_wallpaper_hd.jpg */; };
		84ECBA561C8C60AF0093E7AD /* windows_7_download_library_ico_by_sdbinwiiexe-d3c9fb7.png in Resources */ = {isa = PBXBuildFile; fileRef = 84ECBA4E1C8C60AF0093E7AD /* windows_7_download_library_ico_by_sdbinwiiexe-d3c9fb7.png */; };
		84EE4AE01C8C7EF1000C593F /* 4239015-images-of-nature.jpg in Resources */ = {isa = PBXBuildFile; fileRef = 84EE4ADF1C8C7EF1000C593F /* 4239015-images-of-nature.jpg */; };
		84EE4AE71C8C7F09000C593F /* meadow_nature_summer_grass_sky_301_2560x1440.jpg in Resources */ = {isa = PBXBuildFile; fileRef = 84EE4AE11C8C7F09000C593F /* meadow_nature_summer_grass_sky_301_2560x1440.jpg */; };
		84EE4AE81C8C7F09000C593F /* mountains_nature_sky_river_beautiful_scenery_93460_2560x1440.jpg in Resources */ = {isa = PBXBuildFile; fileRef = 84EE4AE21C8C7F09000C593F /* mountains_nature_sky_river_beautiful_scenery_93460_2560x1440.jpg */; };
		84EE4AE91C8C7F09000C593F /* Parc-nature_de_la_Pointe-aux-Prairies_07.jpg in Resources */ = {isa = PBXBuildFile; fileRef = 84EE4AE31C8C7F09000C593F /* Parc-nature_de_la_Pointe-aux-Prairies_07.jpg */; };
		84EE4AEA1C8C7F09000C593F /* puppy_couple_sunset_nature_play_kids_1194_2560x1440.jpg in Resources */ = {isa = PBXBuildFile; fileRef = 84EE4AE41C8C7F09000C593F /* puppy_couple_sunset_nature_play_kids_1194_2560x1440.jpg */; };
		84EE4AEB1C8C7F09000C593F /* summer_mountains_nature_lake_river_grass_93164_2560x1440.jpg in Resources */ = {isa = PBXBuildFile; fileRef = 84EE4AE51C8C7F09000C593F /* summer_mountains_nature_lake_river_grass_93164_2560x1440.jpg */; };
		84EE4AEC1C8C7F09000C593F /* summer_nature_grass_beautiful_light_84335_3840x2160.jpg in Resources */ = {isa = PBXBuildFile; fileRef = 84EE4AE61C8C7F09000C593F /* summer_nature_grass_beautiful_light_84335_3840x2160.jpg */; };
		84F039A61C8CE23400A07836 /* 4187330-pure-nature-hd.jpg in Resources */ = {isa = PBXBuildFile; fileRef = 84F039A11C8CE23300A07836 /* 4187330-pure-nature-hd.jpg */; };
		84F039A71C8CE23400A07836 /* City Wallpaper 14.jpg in Resources */ = {isa = PBXBuildFile; fileRef = 84F039A21C8CE23300A07836 /* City Wallpaper 14.jpg */; };
		84F039A81C8CE23400A07836 /* Nature-Spring-027.jpg in Resources */ = {isa = PBXBuildFile; fileRef = 84F039A31C8CE23300A07836 /* Nature-Spring-027.jpg */; };
		84F039A91C8CE23400A07836 /* new-york-city-hd.jpg in Resources */ = {isa = PBXBuildFile; fileRef = 84F039A41C8CE23400A07836 /* new-york-city-hd.jpg */; };
		84F039AA1C8CE23400A07836 /* Skyline_oklahoma_city.JPG in Resources */ = {isa = PBXBuildFile; fileRef = 84F039A51C8CE23400A07836 /* Skyline_oklahoma_city.JPG */; };
		84FB28E61C8D0F8700A22DB6 /* 23-Flowers-with-Butterfly-_10150291.jpg in Resources */ = {isa = PBXBuildFile; fileRef = 84FB28E11C8D0F8700A22DB6 /* 23-Flowers-with-Butterfly-_10150291.jpg */; };
		84FB28E71C8D0F8700A22DB6 /* Iceberg,_Greenland_Sea_(js)1.jpg in Resources */ = {isa = PBXBuildFile; fileRef = 84FB28E21C8D0F8700A22DB6 /* Iceberg,_Greenland_Sea_(js)1.jpg */; };
		84FB28E81C8D0F8700A22DB6 /* Labrador-sea-paamiut.jpg in Resources */ = {isa = PBXBuildFile; fileRef = 84FB28E31C8D0F8700A22DB6 /* Labrador-sea-paamiut.jpg */; };
		84FB28E91C8D0F8700A22DB6 /* purple-flowers-butterflies-wide.jpg in Resources */ = {isa = PBXBuildFile; fileRef = 84FB28E41C8D0F8700A22DB6 /* purple-flowers-butterflies-wide.jpg */; };
		84FB28EA1C8D0F8700A22DB6 /* salton-sea-sra-c2a9greg-lucker.jpg in Resources */ = {isa = PBXBuildFile; fileRef = 84FB28E51C8D0F8700A22DB6 /* salton-sea-sra-c2a9greg-lucker.jpg */; };
/* End PBXBuildFile section */

/* Begin PBXContainerItemProxy section */
		84E4C0CE1C8A1F21003B9B4C /* PBXContainerItemProxy */ = {
			isa = PBXContainerItemProxy;
			containerPortal = 84E4C0A91C8A1F21003B9B4C /* Project object */;
			proxyType = 1;
			remoteGlobalIDString = 84E4C0B01C8A1F21003B9B4C;
			remoteInfo = Thumnails;
		};
		84E4C0D91C8A1F21003B9B4C /* PBXContainerItemProxy */ = {
			isa = PBXContainerItemProxy;
			containerPortal = 84E4C0A91C8A1F21003B9B4C /* Project object */;
			proxyType = 1;
			remoteGlobalIDString = 84E4C0B01C8A1F21003B9B4C;
			remoteInfo = Thumnails;
		};
/* End PBXContainerItemProxy section */

/* Begin PBXFileReference section */
		84E4C0B11C8A1F21003B9B4C /* Thumnails.app */ = {isa = PBXFileReference; explicitFileType = wrapper.application; includeInIndex = 0; path = Thumnails.app; sourceTree = BUILT_PRODUCTS_DIR; };
		84E4C0B51C8A1F21003B9B4C /* main.m */ = {isa = PBXFileReference; lastKnownFileType = sourcecode.c.objc; path = main.m; sourceTree = "<group>"; };
		84E4C0B71C8A1F21003B9B4C /* AppDelegate.h */ = {isa = PBXFileReference; lastKnownFileType = sourcecode.c.h; path = AppDelegate.h; sourceTree = "<group>"; };
		84E4C0B81C8A1F21003B9B4C /* AppDelegate.m */ = {isa = PBXFileReference; lastKnownFileType = sourcecode.c.objc; path = AppDelegate.m; sourceTree = "<group>"; };
		84E4C0BA1C8A1F21003B9B4C /* ImageViewController.h */ = {isa = PBXFileReference; lastKnownFileType = sourcecode.c.h; path = ImageViewController.h; sourceTree = "<group>"; };
		84E4C0BB1C8A1F21003B9B4C /* ImageViewController.m */ = {isa = PBXFileReference; lastKnownFileType = sourcecode.c.objc; path = ImageViewController.m; sourceTree = "<group>"; };
		84E4C0BE1C8A1F21003B9B4C /* Base */ = {isa = PBXFileReference; lastKnownFileType = file.storyboard; name = Base; path = Base.lproj/Main.storyboard; sourceTree = "<group>"; };
		84E4C0C11C8A1F21003B9B4C /* Thumnails.xcdatamodel */ = {isa = PBXFileReference; lastKnownFileType = wrapper.xcdatamodel; path = Thumnails.xcdatamodel; sourceTree = "<group>"; };
		84E4C0C31C8A1F21003B9B4C /* Assets.xcassets */ = {isa = PBXFileReference; lastKnownFileType = folder.assetcatalog; path = Assets.xcassets; sourceTree = "<group>"; };
		84E4C0C61C8A1F21003B9B4C /* Base */ = {isa = PBXFileReference; lastKnownFileType = file.storyboard; name = Base; path = Base.lproj/LaunchScreen.storyboard; sourceTree = "<group>"; };
		84E4C0C81C8A1F21003B9B4C /* Info.plist */ = {isa = PBXFileReference; lastKnownFileType = text.plist.xml; path = Info.plist; sourceTree = "<group>"; };
		84E4C0CD1C8A1F21003B9B4C /* ThumnailsTests.xctest */ = {isa = PBXFileReference; explicitFileType = wrapper.cfbundle; includeInIndex = 0; path = ThumnailsTests.xctest; sourceTree = BUILT_PRODUCTS_DIR; };
		84E4C0D11C8A1F21003B9B4C /* ThumnailsTests.m */ = {isa = PBXFileReference; lastKnownFileType = sourcecode.c.objc; path = ThumnailsTests.m; sourceTree = "<group>"; };
		84E4C0D31C8A1F21003B9B4C /* Info.plist */ = {isa = PBXFileReference; lastKnownFileType = text.plist.xml; path = Info.plist; sourceTree = "<group>"; };
		84E4C0D81C8A1F21003B9B4C /* ThumnailsUITests.xctest */ = {isa = PBXFileReference; explicitFileType = wrapper.cfbundle; includeInIndex = 0; path = ThumnailsUITests.xctest; sourceTree = BUILT_PRODUCTS_DIR; };
		84E4C0DC1C8A1F21003B9B4C /* ThumnailsUITests.m */ = {isa = PBXFileReference; lastKnownFileType = sourcecode.c.objc; path = ThumnailsUITests.m; sourceTree = "<group>"; };
		84E4C0DE1C8A1F21003B9B4C /* Info.plist */ = {isa = PBXFileReference; lastKnownFileType = text.plist.xml; path = Info.plist; sourceTree = "<group>"; };
		84E4C0EA1C8A2263003B9B4C /* ImagesTableVC.h */ = {isa = PBXFileReference; fileEncoding = 4; lastKnownFileType = sourcecode.c.h; path = ImagesTableVC.h; sourceTree = "<group>"; };
		84E4C0EB1C8A2263003B9B4C /* ImagesTableVC.m */ = {isa = PBXFileReference; fileEncoding = 4; lastKnownFileType = sourcecode.c.objc; path = ImagesTableVC.m; sourceTree = "<group>"; };
		84E4C0ED1C8A22C4003B9B4C /* ImagesCellVC.h */ = {isa = PBXFileReference; fileEncoding = 4; lastKnownFileType = sourcecode.c.h; path = ImagesCellVC.h; sourceTree = "<group>"; };
		84E4C0EE1C8A22C4003B9B4C /* ImagesCellVC.m */ = {isa = PBXFileReference; fileEncoding = 4; lastKnownFileType = sourcecode.c.objc; path = ImagesCellVC.m; sourceTree = "<group>"; };
		84ECBA371C8B47980093E7AD /* ImagesUrls.h */ = {isa = PBXFileReference; fileEncoding = 4; lastKnownFileType = sourcecode.c.h; path = ImagesUrls.h; sourceTree = "<group>"; };
		84ECBA381C8B47980093E7AD /* ImagesUrls.m */ = {isa = PBXFileReference; fileEncoding = 4; lastKnownFileType = sourcecode.c.objc; path = ImagesUrls.m; sourceTree = "<group>"; };
		84ECBA3A1C8B7C4E0093E7AD /* bcf39e88-5731-43bb-9d4b-e5b3b2b1fdf2.jpg */ = {isa = PBXFileReference; lastKnownFileType = image.jpeg; path = "bcf39e88-5731-43bb-9d4b-e5b3b2b1fdf2.jpg"; sourceTree = "<group>"; };
		84ECBA3B1C8B7C4E0093E7AD /* ca1b8c69-9ba4-4586-a6b7-fe3e6e2112de.jpg */ = {isa = PBXFileReference; lastKnownFileType = image.jpeg; path = "ca1b8c69-9ba4-4586-a6b7-fe3e6e2112de.jpg"; sourceTree = "<group>"; };
		84ECBA3C1C8B7C4E0093E7AD /* green_mountain_nature_wallpaper_hd.jpg */ = {isa = PBXFileReference; lastKnownFileType = image.jpeg; path = green_mountain_nature_wallpaper_hd.jpg; sourceTree = "<group>"; };
		84ECBA4E1C8C60AF0093E7AD /* windows_7_download_library_ico_by_sdbinwiiexe-d3c9fb7.png */ = {isa = PBXFileReference; lastKnownFileType = image.png; path = "windows_7_download_library_ico_by_sdbinwiiexe-d3c9fb7.png"; sourceTree = "<group>"; };
		84EE4ADF1C8C7EF1000C593F /* 4239015-images-of-nature.jpg */ = {isa = PBXFileReference; lastKnownFileType = image.jpeg; path = "4239015-images-of-nature.jpg"; sourceTree = "<group>"; };
		84EE4AE11C8C7F09000C593F /* meadow_nature_summer_grass_sky_301_2560x1440.jpg */ = {isa = PBXFileReference; lastKnownFileType = image.jpeg; path = meadow_nature_summer_grass_sky_301_2560x1440.jpg; sourceTree = "<group>"; };
		84EE4AE21C8C7F09000C593F /* mountains_nature_sky_river_beautiful_scenery_93460_2560x1440.jpg */ = {isa = PBXFileReference; lastKnownFileType = image.jpeg; path = mountains_nature_sky_river_beautiful_scenery_93460_2560x1440.jpg; sourceTree = "<group>"; };
		84EE4AE31C8C7F09000C593F /* Parc-nature_de_la_Pointe-aux-Prairies_07.jpg */ = {isa = PBXFileReference; lastKnownFileType = image.jpeg; path = "Parc-nature_de_la_Pointe-aux-Prairies_07.jpg"; sourceTree = "<group>"; };
		84EE4AE41C8C7F09000C593F /* puppy_couple_sunset_nature_play_kids_1194_2560x1440.jpg */ = {isa = PBXFileReference; lastKnownFileType = image.jpeg; path = puppy_couple_sunset_nature_play_kids_1194_2560x1440.jpg; sourceTree = "<group>"; };
		84EE4AE51C8C7F09000C593F /* summer_mountains_nature_lake_river_grass_93164_2560x1440.jpg */ = {isa = PBXFileReference; lastKnownFileType = image.jpeg; path = summer_mountains_nature_lake_river_grass_93164_2560x1440.jpg; sourceTree = "<group>"; };
		84EE4AE61C8C7F09000C593F /* summer_nature_grass_beautiful_light_84335_3840x2160.jpg */ = {isa = PBXFileReference; lastKnownFileType = image.jpeg; path = summer_nature_grass_beautiful_light_84335_3840x2160.jpg; sourceTree = "<group>"; };
		84F039A11C8CE23300A07836 /* 4187330-pure-nature-hd.jpg */ = {isa = PBXFileReference; lastKnownFileType = image.jpeg; path = "4187330-pure-nature-hd.jpg"; sourceTree = "<group>"; };
		84F039A21C8CE23300A07836 /* City Wallpaper 14.jpg */ = {isa = PBXFileReference; lastKnownFileType = image.jpeg; path = "City Wallpaper 14.jpg"; sourceTree = "<group>"; };
		84F039A31C8CE23300A07836 /* Nature-Spring-027.jpg */ = {isa = PBXFileReference; lastKnownFileType = image.jpeg; path = "Nature-Spring-027.jpg"; sourceTree = "<group>"; };
		84F039A41C8CE23400A07836 /* new-york-city-hd.jpg */ = {isa = PBXFileReference; lastKnownFileType = image.jpeg; path = "new-york-city-hd.jpg"; sourceTree = "<group>"; };
		84F039A51C8CE23400A07836 /* Skyline_oklahoma_city.JPG */ = {isa = PBXFileReference; lastKnownFileType = image.jpeg; path = Skyline_oklahoma_city.JPG; sourceTree = "<group>"; };
		84FB28E11C8D0F8700A22DB6 /* 23-Flowers-with-Butterfly-_10150291.jpg */ = {isa = PBXFileReference; lastKnownFileType = image.jpeg; path = "23-Flowers-with-Butterfly-_10150291.jpg"; sourceTree = "<group>"; };
		84FB28E21C8D0F8700A22DB6 /* Iceberg,_Greenland_Sea_(js)1.jpg */ = {isa = PBXFileReference; lastKnownFileType = image.jpeg; path = "Iceberg,_Greenland_Sea_(js)1.jpg"; sourceTree = "<group>"; };
		84FB28E31C8D0F8700A22DB6 /* Labrador-sea-paamiut.jpg */ = {isa = PBXFileReference; lastKnownFileType = image.jpeg; path = "Labrador-sea-paamiut.jpg"; sourceTree = "<group>"; };
		84FB28E41C8D0F8700A22DB6 /* purple-flowers-butterflies-wide.jpg */ = {isa = PBXFileReference; lastKnownFileType = image.jpeg; path = "purple-flowers-butterflies-wide.jpg"; sourceTree = "<group>"; };
		84FB28E51C8D0F8700A22DB6 /* salton-sea-sra-c2a9greg-lucker.jpg */ = {isa = PBXFileReference; lastKnownFileType = image.jpeg; path = "salton-sea-sra-c2a9greg-lucker.jpg"; sourceTree = "<group>"; };
/* End PBXFileReference section */

/* Begin PBXFrameworksBuildPhase section */
		84E4C0AE1C8A1F21003B9B4C /* Frameworks */ = {
			isa = PBXFrameworksBuildPhase;
			buildActionMask = 2147483647;
			files = (
			);
			runOnlyForDeploymentPostprocessing = 0;
		};
		84E4C0CA1C8A1F21003B9B4C /* Frameworks */ = {
			isa = PBXFrameworksBuildPhase;
			buildActionMask = 2147483647;
			files = (
			);
			runOnlyForDeploymentPostprocessing = 0;
		};
		84E4C0D51C8A1F21003B9B4C /* Frameworks */ = {
			isa = PBXFrameworksBuildPhase;
			buildActionMask = 2147483647;
			files = (
			);
			runOnlyForDeploymentPostprocessing = 0;
		};
/* End PBXFrameworksBuildPhase section */

/* Begin PBXGroup section */
		84E4C0A81C8A1F21003B9B4C = {
			isa = PBXGroup;
			children = (
				84E4C0B31C8A1F21003B9B4C /* Thumnails */,
				84E4C0D01C8A1F21003B9B4C /* ThumnailsTests */,
				84E4C0DB1C8A1F21003B9B4C /* ThumnailsUITests */,
				84E4C0B21C8A1F21003B9B4C /* Products */,
			);
			sourceTree = "<group>";
		};
		84E4C0B21C8A1F21003B9B4C /* Products */ = {
			isa = PBXGroup;
			children = (
				84E4C0B11C8A1F21003B9B4C /* Thumnails.app */,
				84E4C0CD1C8A1F21003B9B4C /* ThumnailsTests.xctest */,
				84E4C0D81C8A1F21003B9B4C /* ThumnailsUITests.xctest */,
			);
			name = Products;
			sourceTree = "<group>";
		};
		84E4C0B31C8A1F21003B9B4C /* Thumnails */ = {
			isa = PBXGroup;
			children = (
				84E4C0B71C8A1F21003B9B4C /* AppDelegate.h */,
				84E4C0B81C8A1F21003B9B4C /* AppDelegate.m */,
				84E4C0EA1C8A2263003B9B4C /* ImagesTableVC.h */,
				84E4C0EB1C8A2263003B9B4C /* ImagesTableVC.m */,
				84E4C0ED1C8A22C4003B9B4C /* ImagesCellVC.h */,
				84E4C0EE1C8A22C4003B9B4C /* ImagesCellVC.m */,
				84E4C0BA1C8A1F21003B9B4C /* ImageViewController.h */,
				84E4C0BB1C8A1F21003B9B4C /* ImageViewController.m */,
				84ECBA371C8B47980093E7AD /* ImagesUrls.h */,
				84ECBA381C8B47980093E7AD /* ImagesUrls.m */,
				84E4C0BD1C8A1F21003B9B4C /* Main.storyboard */,
				84E4C0C81C8A1F21003B9B4C /* Info.plist */,
				84ECBA0B1C8B40880093E7AD /* Images */,
				84E4C0B41C8A1F21003B9B4C /* Supporting Files */,
			);
			path = Thumnails;
			sourceTree = "<group>";
		};
		84E4C0B41C8A1F21003B9B4C /* Supporting Files */ = {
			isa = PBXGroup;
			children = (
				84E4C0C31C8A1F21003B9B4C /* Assets.xcassets */,
				84E4C0C01C8A1F21003B9B4C /* Thumnails.xcdatamodeld */,
				84E4C0C51C8A1F21003B9B4C /* LaunchScreen.storyboard */,
				84E4C0B51C8A1F21003B9B4C /* main.m */,
			);
			name = "Supporting Files";
			sourceTree = "<group>";
		};
		84E4C0D01C8A1F21003B9B4C /* ThumnailsTests */ = {
			isa = PBXGroup;
			children = (
				84E4C0D11C8A1F21003B9B4C /* ThumnailsTests.m */,
				84E4C0D31C8A1F21003B9B4C /* Info.plist */,
			);
			path = ThumnailsTests;
			sourceTree = "<group>";
		};
		84E4C0DB1C8A1F21003B9B4C /* ThumnailsUITests */ = {
			isa = PBXGroup;
			children = (
				84E4C0DC1C8A1F21003B9B4C /* ThumnailsUITests.m */,
				84E4C0DE1C8A1F21003B9B4C /* Info.plist */,
			);
			path = ThumnailsUITests;
			sourceTree = "<group>";
		};
		84ECBA0B1C8B40880093E7AD /* Images */ = {
			isa = PBXGroup;
			children = (
				84FB28E11C8D0F8700A22DB6 /* 23-Flowers-with-Butterfly-_10150291.jpg */,
				84FB28E21C8D0F8700A22DB6 /* Iceberg,_Greenland_Sea_(js)1.jpg */,
				84FB28E31C8D0F8700A22DB6 /* Labrador-sea-paamiut.jpg */,
				84FB28E41C8D0F8700A22DB6 /* purple-flowers-butterflies-wide.jpg */,
				84FB28E51C8D0F8700A22DB6 /* salton-sea-sra-c2a9greg-lucker.jpg */,
				84F039A11C8CE23300A07836 /* 4187330-pure-nature-hd.jpg */,
				84F039A21C8CE23300A07836 /* City Wallpaper 14.jpg */,
				84F039A31C8CE23300A07836 /* Nature-Spring-027.jpg */,
				84F039A41C8CE23400A07836 /* new-york-city-hd.jpg */,
				84F039A51C8CE23400A07836 /* Skyline_oklahoma_city.JPG */,
				84EE4AE11C8C7F09000C593F /* meadow_nature_summer_grass_sky_301_2560x1440.jpg */,
				84EE4AE21C8C7F09000C593F /* mountains_nature_sky_river_beautiful_scenery_93460_2560x1440.jpg */,
				84EE4AE31C8C7F09000C593F /* Parc-nature_de_la_Pointe-aux-Prairies_07.jpg */,
				84EE4AE41C8C7F09000C593F /* puppy_couple_sunset_nature_play_kids_1194_2560x1440.jpg */,
				84EE4AE51C8C7F09000C593F /* summer_mountains_nature_lake_river_grass_93164_2560x1440.jpg */,
				84EE4AE61C8C7F09000C593F /* summer_nature_grass_beautiful_light_84335_3840x2160.jpg */,
				84EE4ADF1C8C7EF1000C593F /* 4239015-images-of-nature.jpg */,
				84ECBA3A1C8B7C4E0093E7AD /* bcf39e88-5731-43bb-9d4b-e5b3b2b1fdf2.jpg */,
				84ECBA3B1C8B7C4E0093E7AD /* ca1b8c69-9ba4-4586-a6b7-fe3e6e2112de.jpg */,
				84ECBA3C1C8B7C4E0093E7AD /* green_mountain_nature_wallpaper_hd.jpg */,
				84ECBA461C8C60AF0093E7AD /* Icons */,
			);
			name = Images;
			sourceTree = "<group>";
		};
		84ECBA461C8C60AF0093E7AD /* Icons */ = {
			isa = PBXGroup;
			children = (
				84ECBA4E1C8C60AF0093E7AD /* windows_7_download_library_ico_by_sdbinwiiexe-d3c9fb7.png */,
			);
			path = Icons;
			sourceTree = "<group>";
		};
/* End PBXGroup section */

/* Begin PBXNativeTarget section */
		84E4C0B01C8A1F21003B9B4C /* Thumnails */ = {
			isa = PBXNativeTarget;
			buildConfigurationList = 84E4C0E11C8A1F21003B9B4C /* Build configuration list for PBXNativeTarget "Thumnails" */;
			buildPhases = (
				84E4C0AD1C8A1F21003B9B4C /* Sources */,
				84E4C0AE1C8A1F21003B9B4C /* Frameworks */,
				84E4C0AF1C8A1F21003B9B4C /* Resources */,
			);
			buildRules = (
			);
			dependencies = (
			);
			name = Thumnails;
			productName = Thumnails;
			productReference = 84E4C0B11C8A1F21003B9B4C /* Thumnails.app */;
			productType = "com.apple.product-type.application";
		};
		84E4C0CC1C8A1F21003B9B4C /* ThumnailsTests */ = {
			isa = PBXNativeTarget;
			buildConfigurationList = 84E4C0E41C8A1F21003B9B4C /* Build configuration list for PBXNativeTarget "ThumnailsTests" */;
			buildPhases = (
				84E4C0C91C8A1F21003B9B4C /* Sources */,
				84E4C0CA1C8A1F21003B9B4C /* Frameworks */,
				84E4C0CB1C8A1F21003B9B4C /* Resources */,
			);
			buildRules = (
			);
			dependencies = (
				84E4C0CF1C8A1F21003B9B4C /* PBXTargetDependency */,
			);
			name = ThumnailsTests;
			productName = ThumnailsTests;
			productReference = 84E4C0CD1C8A1F21003B9B4C /* ThumnailsTests.xctest */;
			productType = "com.apple.product-type.bundle.unit-test";
		};
		84E4C0D71C8A1F21003B9B4C /* ThumnailsUITests */ = {
			isa = PBXNativeTarget;
			buildConfigurationList = 84E4C0E71C8A1F21003B9B4C /* Build configuration list for PBXNativeTarget "ThumnailsUITests" */;
			buildPhases = (
				84E4C0D41C8A1F21003B9B4C /* Sources */,
				84E4C0D51C8A1F21003B9B4C /* Frameworks */,
				84E4C0D61C8A1F21003B9B4C /* Resources */,
			);
			buildRules = (
			);
			dependencies = (
				84E4C0DA1C8A1F21003B9B4C /* PBXTargetDependency */,
			);
			name = ThumnailsUITests;
			productName = ThumnailsUITests;
			productReference = 84E4C0D81C8A1F21003B9B4C /* ThumnailsUITests.xctest */;
			productType = "com.apple.product-type.bundle.ui-testing";
		};
/* End PBXNativeTarget section */

/* Begin PBXProject section */
		84E4C0A91C8A1F21003B9B4C /* Project object */ = {
			isa = PBXProject;
			attributes = {
				LastUpgradeCheck = 0710;
				ORGANIZATIONNAME = Admin;
				TargetAttributes = {
					84E4C0B01C8A1F21003B9B4C = {
						CreatedOnToolsVersion = 7.1;
					};
					84E4C0CC1C8A1F21003B9B4C = {
						CreatedOnToolsVersion = 7.1;
						TestTargetID = 84E4C0B01C8A1F21003B9B4C;
					};
					84E4C0D71C8A1F21003B9B4C = {
						CreatedOnToolsVersion = 7.1;
						TestTargetID = 84E4C0B01C8A1F21003B9B4C;
					};
				};
			};
			buildConfigurationList = 84E4C0AC1C8A1F21003B9B4C /* Build configuration list for PBXProject "Thumnails" */;
			compatibilityVersion = "Xcode 3.2";
			developmentRegion = English;
			hasScannedForEncodings = 0;
			knownRegions = (
				en,
				Base,
			);
			mainGroup = 84E4C0A81C8A1F21003B9B4C;
			productRefGroup = 84E4C0B21C8A1F21003B9B4C /* Products */;
			projectDirPath = "";
			projectRoot = "";
			targets = (
				84E4C0B01C8A1F21003B9B4C /* Thumnails */,
				84E4C0CC1C8A1F21003B9B4C /* ThumnailsTests */,
				84E4C0D71C8A1F21003B9B4C /* ThumnailsUITests */,
			);
		};
/* End PBXProject section */

/* Begin PBXResourcesBuildPhase section */
		84E4C0AF1C8A1F21003B9B4C /* Resources */ = {
			isa = PBXResourcesBuildPhase;
			buildActionMask = 2147483647;
			files = (
				84EE4AEC1C8C7F09000C593F /* summer_nature_grass_beautiful_light_84335_3840x2160.jpg in Resources */,
				84ECBA561C8C60AF0093E7AD /* windows_7_download_library_ico_by_sdbinwiiexe-d3c9fb7.png in Resources */,
				84FB28E91C8D0F8700A22DB6 /* purple-flowers-butterflies-wide.jpg in Resources */,
				84ECBA3F1C8B7C4E0093E7AD /* green_mountain_nature_wallpaper_hd.jpg in Resources */,
				84EE4AEB1C8C7F09000C593F /* summer_mountains_nature_lake_river_grass_93164_2560x1440.jpg in Resources */,
				84EE4AEA1C8C7F09000C593F /* puppy_couple_sunset_nature_play_kids_1194_2560x1440.jpg in Resources */,
				84E4C0C71C8A1F21003B9B4C /* LaunchScreen.storyboard in Resources */,
				84FB28E81C8D0F8700A22DB6 /* Labrador-sea-paamiut.jpg in Resources */,
				84EE4AE81C8C7F09000C593F /* mountains_nature_sky_river_beautiful_scenery_93460_2560x1440.jpg in Resources */,
				84EE4AE01C8C7EF1000C593F /* 4239015-images-of-nature.jpg in Resources */,
				84EE4AE71C8C7F09000C593F /* meadow_nature_summer_grass_sky_301_2560x1440.jpg in Resources */,
				84FB28EA1C8D0F8700A22DB6 /* salton-sea-sra-c2a9greg-lucker.jpg in Resources */,
				84F039A81C8CE23400A07836 /* Nature-Spring-027.jpg in Resources */,
				84FB28E71C8D0F8700A22DB6 /* Iceberg,_Greenland_Sea_(js)1.jpg in Resources */,
				84F039A61C8CE23400A07836 /* 4187330-pure-nature-hd.jpg in Resources */,
				84F039A71C8CE23400A07836 /* City Wallpaper 14.jpg in Resources */,
				84FB28E61C8D0F8700A22DB6 /* 23-Flowers-with-Butterfly-_10150291.jpg in Resources */,
				84F039AA1C8CE23400A07836 /* Skyline_oklahoma_city.JPG in Resources */,
				84F039A91C8CE23400A07836 /* new-york-city-hd.jpg in Resources */,
				84ECBA3D1C8B7C4E0093E7AD /* bcf39e88-5731-43bb-9d4b-e5b3b2b1fdf2.jpg in Resources */,
				84EE4AE91C8C7F09000C593F /* Parc-nature_de_la_Pointe-aux-Prairies_07.jpg in Resources */,
				84ECBA3E1C8B7C4E0093E7AD /* ca1b8c69-9ba4-4586-a6b7-fe3e6e2112de.jpg in Resources */,
				84E4C0C41C8A1F21003B9B4C /* Assets.xcassets in Resources */,
				84E4C0BF1C8A1F21003B9B4C /* Main.storyboard in Resources */,
			);
			runOnlyForDeploymentPostprocessing = 0;
		};
		84E4C0CB1C8A1F21003B9B4C /* Resources */ = {
			isa = PBXResourcesBuildPhase;
			buildActionMask = 2147483647;
			files = (
			);
			runOnlyForDeploymentPostprocessing = 0;
		};
		84E4C0D61C8A1F21003B9B4C /* Resources */ = {
			isa = PBXResourcesBuildPhase;
			buildActionMask = 2147483647;
			files = (
			);
			runOnlyForDeploymentPostprocessing = 0;
		};
/* End PBXResourcesBuildPhase section */

/* Begin PBXSourcesBuildPhase section */
		84E4C0AD1C8A1F21003B9B4C /* Sources */ = {
			isa = PBXSourcesBuildPhase;
			buildActionMask = 2147483647;
			files = (
				84E4C0EC1C8A2263003B9B4C /* ImagesTableVC.m in Sources */,
				84E4C0BC1C8A1F21003B9B4C /* ImageViewController.m in Sources */,
				84E4C0EF1C8A22C4003B9B4C /* ImagesCellVC.m in Sources */,
				84ECBA391C8B47980093E7AD /* ImagesUrls.m in Sources */,
				84E4C0B91C8A1F21003B9B4C /* AppDelegate.m in Sources */,
				84E4C0B61C8A1F21003B9B4C /* main.m in Sources */,
				84E4C0C21C8A1F21003B9B4C /* Thumnails.xcdatamodeld in Sources */,
			);
			runOnlyForDeploymentPostprocessing = 0;
		};
		84E4C0C91C8A1F21003B9B4C /* Sources */ = {
			isa = PBXSourcesBuildPhase;
			buildActionMask = 2147483647;
			files = (
				84E4C0D21C8A1F21003B9B4C /* ThumnailsTests.m in Sources */,
			);
			runOnlyForDeploymentPostprocessing = 0;
		};
		84E4C0D41C8A1F21003B9B4C /* Sources */ = {
			isa = PBXSourcesBuildPhase;
			buildActionMask = 2147483647;
			files = (
				84E4C0DD1C8A1F21003B9B4C /* ThumnailsUITests.m in Sources */,
			);
			runOnlyForDeploymentPostprocessing = 0;
		};
/* End PBXSourcesBuildPhase section */

/* Begin PBXTargetDependency section */
		84E4C0CF1C8A1F21003B9B4C /* PBXTargetDependency */ = {
			isa = PBXTargetDependency;
			target = 84E4C0B01C8A1F21003B9B4C /* Thumnails */;
			targetProxy = 84E4C0CE1C8A1F21003B9B4C /* PBXContainerItemProxy */;
		};
		84E4C0DA1C8A1F21003B9B4C /* PBXTargetDependency */ = {
			isa = PBXTargetDependency;
			target = 84E4C0B01C8A1F21003B9B4C /* Thumnails */;
			targetProxy = 84E4C0D91C8A1F21003B9B4C /* PBXContainerItemProxy */;
		};
/* End PBXTargetDependency section */

/* Begin PBXVariantGroup section */
		84E4C0BD1C8A1F21003B9B4C /* Main.storyboard */ = {
			isa = PBXVariantGroup;
			children = (
				84E4C0BE1C8A1F21003B9B4C /* Base */,
			);
			name = Main.storyboard;
			sourceTree = "<group>";
		};
		84E4C0C51C8A1F21003B9B4C /* LaunchScreen.storyboard */ = {
			isa = PBXVariantGroup;
			children = (
				84E4C0C61C8A1F21003B9B4C /* Base */,
			);
			name = LaunchScreen.storyboard;
			sourceTree = "<group>";
		};
/* End PBXVariantGroup section */

/* Begin XCBuildConfiguration section */
		84E4C0DF1C8A1F21003B9B4C /* Debug */ = {
			isa = XCBuildConfiguration;
			buildSettings = {
				ALWAYS_SEARCH_USER_PATHS = NO;
				CLANG_CXX_LANGUAGE_STANDARD = "gnu++0x";
				CLANG_CXX_LIBRARY = "libc++";
				CLANG_ENABLE_MODULES = YES;
				CLANG_ENABLE_OBJC_ARC = YES;
				CLANG_WARN_BOOL_CONVERSION = YES;
				CLANG_WARN_CONSTANT_CONVERSION = YES;
				CLANG_WARN_DIRECT_OBJC_ISA_USAGE = YES_ERROR;
				CLANG_WARN_EMPTY_BODY = YES;
				CLANG_WARN_ENUM_CONVERSION = YES;
				CLANG_WARN_INT_CONVERSION = YES;
				CLANG_WARN_OBJC_ROOT_CLASS = YES_ERROR;
				CLANG_WARN_UNREACHABLE_CODE = YES;
				CLANG_WARN__DUPLICATE_METHOD_MATCH = YES;
				"CODE_SIGN_IDENTITY[sdk=iphoneos*]" = "iPhone Developer";
				COPY_PHASE_STRIP = NO;
				DEBUG_INFORMATION_FORMAT = dwarf;
				ENABLE_STRICT_OBJC_MSGSEND = YES;
				ENABLE_TESTABILITY = YES;
				GCC_C_LANGUAGE_STANDARD = gnu99;
				GCC_DYNAMIC_NO_PIC = NO;
				GCC_NO_COMMON_BLOCKS = YES;
				GCC_OPTIMIZATION_LEVEL = 0;
				GCC_PREPROCESSOR_DEFINITIONS = (
					"DEBUG=1",
					"$(inherited)",
				);
				GCC_WARN_64_TO_32_BIT_CONVERSION = YES;
				GCC_WARN_ABOUT_RETURN_TYPE = YES_ERROR;
				GCC_WARN_UNDECLARED_SELECTOR = YES;
				GCC_WARN_UNINITIALIZED_AUTOS = YES_AGGRESSIVE;
				GCC_WARN_UNUSED_FUNCTION = YES;
				GCC_WARN_UNUSED_VARIABLE = YES;
				IPHONEOS_DEPLOYMENT_TARGET = 9.1;
				MTL_ENABLE_DEBUG_INFO = YES;
				ONLY_ACTIVE_ARCH = YES;
				SDKROOT = iphoneos;
				TARGETED_DEVICE_FAMILY = "1,2";
			};
			name = Debug;
		};
		84E4C0E01C8A1F21003B9B4C /* Release */ = {
			isa = XCBuildConfiguration;
			buildSettings = {
				ALWAYS_SEARCH_USER_PATHS = NO;
				CLANG_CXX_LANGUAGE_STANDARD = "gnu++0x";
				CLANG_CXX_LIBRARY = "libc++";
				CLANG_ENABLE_MODULES = YES;
				CLANG_ENABLE_OBJC_ARC = YES;
				CLANG_WARN_BOOL_CONVERSION = YES;
				CLANG_WARN_CONSTANT_CONVERSION = YES;
				CLANG_WARN_DIRECT_OBJC_ISA_USAGE = YES_ERROR;
				CLANG_WARN_EMPTY_BODY = YES;
				CLANG_WARN_ENUM_CONVERSION = YES;
				CLANG_WARN_INT_CONVERSION = YES;
				CLANG_WARN_OBJC_ROOT_CLASS = YES_ERROR;
				CLANG_WARN_UNREACHABLE_CODE = YES;
				CLANG_WARN__DUPLICATE_METHOD_MATCH = YES;
				"CODE_SIGN_IDENTITY[sdk=iphoneos*]" = "iPhone Developer";
				COPY_PHASE_STRIP = NO;
				DEBUG_INFORMATION_FORMAT = "dwarf-with-dsym";
				ENABLE_NS_ASSERTIONS = NO;
				ENABLE_STRICT_OBJC_MSGSEND = YES;
				GCC_C_LANGUAGE_STANDARD = gnu99;
				GCC_NO_COMMON_BLOCKS = YES;
				GCC_WARN_64_TO_32_BIT_CONVERSION = YES;
				GCC_WARN_ABOUT_RETURN_TYPE = YES_ERROR;
				GCC_WARN_UNDECLARED_SELECTOR = YES;
				GCC_WARN_UNINITIALIZED_AUTOS = YES_AGGRESSIVE;
				GCC_WARN_UNUSED_FUNCTION = YES;
				GCC_WARN_UNUSED_VARIABLE = YES;
				IPHONEOS_DEPLOYMENT_TARGET = 9.1;
				MTL_ENABLE_DEBUG_INFO = NO;
				SDKROOT = iphoneos;
				TARGETED_DEVICE_FAMILY = "1,2";
				VALIDATE_PRODUCT = YES;
			};
			name = Release;
		};
		84E4C0E21C8A1F21003B9B4C /* Debug */ = {
			isa = XCBuildConfiguration;
			buildSettings = {
				ASSETCATALOG_COMPILER_APPICON_NAME = AppIcon;
				INFOPLIST_FILE = Thumnails/Info.plist;
				LD_RUNPATH_SEARCH_PATHS = "$(inherited) @executable_path/Frameworks";
				PRODUCT_BUNDLE_IDENTIFIER = com.Thumnails;
				PRODUCT_NAME = "$(TARGET_NAME)";
			};
			name = Debug;
		};
		84E4C0E31C8A1F21003B9B4C /* Release */ = {
			isa = XCBuildConfiguration;
			buildSettings = {
				ASSETCATALOG_COMPILER_APPICON_NAME = AppIcon;
				INFOPLIST_FILE = Thumnails/Info.plist;
				LD_RUNPATH_SEARCH_PATHS = "$(inherited) @executable_path/Frameworks";
				PRODUCT_BUNDLE_IDENTIFIER = com.Thumnails;
				PRODUCT_NAME = "$(TARGET_NAME)";
			};
			name = Release;
		};
		84E4C0E51C8A1F21003B9B4C /* Debug */ = {
			isa = XCBuildConfiguration;
			buildSettings = {
				BUNDLE_LOADER = "$(TEST_HOST)";
				INFOPLIST_FILE = ThumnailsTests/Info.plist;
				LD_RUNPATH_SEARCH_PATHS = "$(inherited) @executable_path/Frameworks @loader_path/Frameworks";
				PRODUCT_BUNDLE_IDENTIFIER = com.ThumnailsTests;
				PRODUCT_NAME = "$(TARGET_NAME)";
				TEST_HOST = "$(BUILT_PRODUCTS_DIR)/Thumnails.app/Thumnails";
			};
			name = Debug;
		};
		84E4C0E61C8A1F21003B9B4C /* Release */ = {
			isa = XCBuildConfiguration;
			buildSettings = {
				BUNDLE_LOADER = "$(TEST_HOST)";
				INFOPLIST_FILE = ThumnailsTests/Info.plist;
				LD_RUNPATH_SEARCH_PATHS = "$(inherited) @executable_path/Frameworks @loader_path/Frameworks";
				PRODUCT_BUNDLE_IDENTIFIER = com.ThumnailsTests;
				PRODUCT_NAME = "$(TARGET_NAME)";
				TEST_HOST = "$(BUILT_PRODUCTS_DIR)/Thumnails.app/Thumnails";
			};
			name = Release;
		};
		84E4C0E81C8A1F21003B9B4C /* Debug */ = {
			isa = XCBuildConfiguration;
			buildSettings = {
				INFOPLIST_FILE = ThumnailsUITests/Info.plist;
				LD_RUNPATH_SEARCH_PATHS = "$(inherited) @executable_path/Frameworks @loader_path/Frameworks";
				PRODUCT_BUNDLE_IDENTIFIER = com.ThumnailsUITests;
				PRODUCT_NAME = "$(TARGET_NAME)";
				TEST_TARGET_NAME = Thumnails;
				USES_XCTRUNNER = YES;
			};
			name = Debug;
		};
		84E4C0E91C8A1F21003B9B4C /* Release */ = {
			isa = XCBuildConfiguration;
			buildSettings = {
				INFOPLIST_FILE = ThumnailsUITests/Info.plist;
				LD_RUNPATH_SEARCH_PATHS = "$(inherited) @executable_path/Frameworks @loader_path/Frameworks";
				PRODUCT_BUNDLE_IDENTIFIER = com.ThumnailsUITests;
				PRODUCT_NAME = "$(TARGET_NAME)";
				TEST_TARGET_NAME = Thumnails;
				USES_XCTRUNNER = YES;
			};
			name = Release;
		};
/* End XCBuildConfiguration section */

/* Begin XCConfigurationList section */
		84E4C0AC1C8A1F21003B9B4C /* Build configuration list for PBXProject "Thumnails" */ = {
			isa = XCConfigurationList;
			buildConfigurations = (
				84E4C0DF1C8A1F21003B9B4C /* Debug */,
				84E4C0E01C8A1F21003B9B4C /* Release */,
			);
			defaultConfigurationIsVisible = 0;
			defaultConfigurationName = Release;
		};
		84E4C0E11C8A1F21003B9B4C /* Build configuration list for PBXNativeTarget "Thumnails" */ = {
			isa = XCConfigurationList;
			buildConfigurations = (
				84E4C0E21C8A1F21003B9B4C /* Debug */,
				84E4C0E31C8A1F21003B9B4C /* Release */,
			);
			defaultConfigurationIsVisible = 0;
			defaultConfigurationName = Release;
		};
		84E4C0E41C8A1F21003B9B4C /* Build configuration list for PBXNativeTarget "ThumnailsTests" */ = {
			isa = XCConfigurationList;
			buildConfigurations = (
				84E4C0E51C8A1F21003B9B4C /* Debug */,
				84E4C0E61C8A1F21003B9B4C /* Release */,
			);
			defaultConfigurationIsVisible = 0;
			defaultConfigurationName = Release;
		};
		84E4C0E71C8A1F21003B9B4C /* Build configuration list for PBXNativeTarget "ThumnailsUITests" */ = {
			isa = XCConfigurationList;
			buildConfigurations = (
				84E4C0E81C8A1F21003B9B4C /* Debug */,
				84E4C0E91C8A1F21003B9B4C /* Release */,
			);
			defaultConfigurationIsVisible = 0;
			defaultConfigurationName = Release;
		};
/* End XCConfigurationList section */

/* Begin XCVersionGroup section */
		84E4C0C01C8A1F21003B9B4C /* Thumnails.xcdatamodeld */ = {
			isa = XCVersionGroup;
			children = (
				84E4C0C11C8A1F21003B9B4C /* Thumnails.xcdatamodel */,
			);
			currentVersion = 84E4C0C11C8A1F21003B9B4C /* Thumnails.xcdatamodel */;
			path = Thumnails.xcdatamodeld;
			sourceTree = "<group>";
			versionGroupType = wrapper.xcdatamodel;
		};
/* End XCVersionGroup section */
	};
	rootObject = 84E4C0A91C8A1F21003B9B4C /* Project object */;
}
